
Microsoft Visual Studio Solution File, Format Version 12.00
# Visual Studio Version 17
VisualStudioVersion = 17.3.32811.315
MinimumVisualStudioVersion = 10.0.40219.1
Project("{9A19103F-16F7-4668-BE54-9A1E7A4F7556}") = "ProduceNowApp", "ProduceNowApp\ProduceNowApp.csproj", "{EBFA8512-1EA5-4D8C-B4AC-AB5B48A6D568}"
EndProject
Project("{9A19103F-16F7-4668-BE54-9A1E7A4F7556}") = "ProduceNowApp.Desktop", "ProduceNowApp.Desktop\ProduceNowApp.Desktop.csproj", "{ABC31E74-02FF-46EB-B3B2-4E6AE43B456C}"
EndProject
Project("{9A19103F-16F7-4668-BE54-9A1E7A4F7556}") = "ProduceNowApp.Browser", "ProduceNowApp.Browser\ProduceNowApp.Browser.csproj", "{1C1A049E-235C-4CD0-B6FA-D53AC418F4DA}"
EndProject
Project("{9A19103F-16F7-4668-BE54-9A1E7A4F7556}") = "ProduceNowApp.iOS", "ProduceNowApp.iOS\ProduceNowApp.iOS.csproj", "{EBD9022F-BC83-4846-9A11-6F7F3772DC64}"
EndProject
Project("{9A19103F-16F7-4668-BE54-9A1E7A4F7556}") = "ProduceNowApp.Android", "ProduceNowApp.Android\ProduceNowApp.Android.csproj", "{7AD1DAC8-7FBE-49D5-8614-7321233DB82E}"
EndProject
Project("{2150E333-8FDC-42A3-9474-1A3956D46DE8}") = "Solution Items", "Solution Items", "{3DA99C4E-89E3-4049-9C22-0A7EC60D83D8}"
	ProjectSection(SolutionItems) = preProject
		Directory.Build.props = Directory.Build.props
	EndProjectSection
EndProject
Project("{FAE04EC0-301F-11D3-BF4B-00C04F79EFBC}") = "DemoContent", "DemoContent\DemoContent.csproj", "{919F4116-BB9D-40B2-8C62-7EE92CF6AD53}"
EndProject
Project("{FAE04EC0-301F-11D3-BF4B-00C04F79EFBC}") = "DemoSignalServer", "DemoSignalServer\DemoSignalServer.csproj", "{B51C1801-C2F0-4E5F-A13A-4B80BA62068E}"
EndProject
Project("{FAE04EC0-301F-11D3-BF4B-00C04F79EFBC}") = "SIPSorcery", "..\..\sipsorcery\src\SIPSorcery.csproj", "{B039000E-468D-4E21-AC01-55ADA073FCB8}"
EndProject
Project("{FAE04EC0-301F-11D3-BF4B-00C04F79EFBC}") = "FFmpeg", "FFmpeg\FFmpeg.csproj", "{952F0F45-3233-4281-9431-759959CA7FED}"
EndProject
Project("{FAE04EC0-301F-11D3-BF4B-00C04F79EFBC}") = "Video", "Video\Video.csproj", "{08C92FAE-8D09-4831-8176-3F8CA298E5EB}"
EndProject
Project("{FAE04EC0-301F-11D3-BF4B-00C04F79EFBC}") = "Vpx", "Vpx\Vpx.csproj", "{3A7FC800-927E-4596-AF8A-E0D7C23F8008}"
EndProject
Global
	GlobalSection(SolutionConfigurationPlatforms) = preSolution
		Debug|Any CPU = Debug|Any CPU
		Debug|ARM64 = Debug|ARM64
		Release|Any CPU = Release|Any CPU
		Release|ARM64 = Release|ARM64
	EndGlobalSection
	GlobalSection(ProjectConfigurationPlatforms) = postSolution
		{EBFA8512-1EA5-4D8C-B4AC-AB5B48A6D568}.Debug|Any CPU.ActiveCfg = Debug|Any CPU
		{EBFA8512-1EA5-4D8C-B4AC-AB5B48A6D568}.Debug|Any CPU.Build.0 = Debug|Any CPU
		{EBFA8512-1EA5-4D8C-B4AC-AB5B48A6D568}.Debug|ARM64.ActiveCfg = Debug|ARM64
		{EBFA8512-1EA5-4D8C-B4AC-AB5B48A6D568}.Debug|ARM64.Build.0 = Debug|ARM64
		{EBFA8512-1EA5-4D8C-B4AC-AB5B48A6D568}.Release|Any CPU.ActiveCfg = Release|Any CPU
		{EBFA8512-1EA5-4D8C-B4AC-AB5B48A6D568}.Release|Any CPU.Build.0 = Release|Any CPU
		{EBFA8512-1EA5-4D8C-B4AC-AB5B48A6D568}.Release|ARM64.ActiveCfg = Release|ARM64
		{EBFA8512-1EA5-4D8C-B4AC-AB5B48A6D568}.Release|ARM64.Build.0 = Release|ARM64
		{ABC31E74-02FF-46EB-B3B2-4E6AE43B456C}.Debug|Any CPU.ActiveCfg = Debug|Any CPU
		{ABC31E74-02FF-46EB-B3B2-4E6AE43B456C}.Debug|Any CPU.Build.0 = Debug|Any CPU
		{ABC31E74-02FF-46EB-B3B2-4E6AE43B456C}.Debug|ARM64.ActiveCfg = Debug|ARM64
		{ABC31E74-02FF-46EB-B3B2-4E6AE43B456C}.Release|Any CPU.ActiveCfg = Release|Any CPU
		{ABC31E74-02FF-46EB-B3B2-4E6AE43B456C}.Release|Any CPU.Build.0 = Release|Any CPU
		{ABC31E74-02FF-46EB-B3B2-4E6AE43B456C}.Release|ARM64.ActiveCfg = Release|ARM64
		{ABC31E74-02FF-46EB-B3B2-4E6AE43B456C}.Release|ARM64.Build.0 = Release|ARM64
		{1C1A049E-235C-4CD0-B6FA-D53AC418F4DA}.Debug|Any CPU.ActiveCfg = Debug|Any CPU
		{1C1A049E-235C-4CD0-B6FA-D53AC418F4DA}.Debug|Any CPU.Build.0 = Debug|Any CPU
		{1C1A049E-235C-4CD0-B6FA-D53AC418F4DA}.Debug|ARM64.ActiveCfg = Debug|ARM64
		{1C1A049E-235C-4CD0-B6FA-D53AC418F4DA}.Debug|ARM64.Build.0 = Debug|ARM64
		{1C1A049E-235C-4CD0-B6FA-D53AC418F4DA}.Release|Any CPU.ActiveCfg = Release|Any CPU
		{1C1A049E-235C-4CD0-B6FA-D53AC418F4DA}.Release|Any CPU.Build.0 = Release|Any CPU
		{1C1A049E-235C-4CD0-B6FA-D53AC418F4DA}.Release|ARM64.ActiveCfg = Release|ARM64
		{1C1A049E-235C-4CD0-B6FA-D53AC418F4DA}.Release|ARM64.Build.0 = Release|ARM64
		{EBD9022F-BC83-4846-9A11-6F7F3772DC64}.Debug|Any CPU.ActiveCfg = Debug|Any CPU
		{EBD9022F-BC83-4846-9A11-6F7F3772DC64}.Debug|ARM64.ActiveCfg = Debug|ARM64
		{EBD9022F-BC83-4846-9A11-6F7F3772DC64}.Release|Any CPU.ActiveCfg = Release|Any CPU
		{EBD9022F-BC83-4846-9A11-6F7F3772DC64}.Release|Any CPU.Build.0 = Release|Any CPU
		{EBD9022F-BC83-4846-9A11-6F7F3772DC64}.Release|ARM64.ActiveCfg = Release|ARM64
		{EBD9022F-BC83-4846-9A11-6F7F3772DC64}.Release|ARM64.Build.0 = Release|ARM64
		{EBD9022F-BC83-4846-9A11-6F7F3772DC64}.Release|ARM64.Deploy.0 = Release|ARM64
		{7AD1DAC8-7FBE-49D5-8614-7321233DB82E}.Debug|Any CPU.ActiveCfg = Debug|Any CPU
		{7AD1DAC8-7FBE-49D5-8614-7321233DB82E}.Debug|Any CPU.Build.0 = Debug|Any CPU
		{7AD1DAC8-7FBE-49D5-8614-7321233DB82E}.Debug|Any CPU.Deploy.0 = Debug|Any CPU
		{7AD1DAC8-7FBE-49D5-8614-7321233DB82E}.Debug|ARM64.ActiveCfg = Debug|ARM64
		{7AD1DAC8-7FBE-49D5-8614-7321233DB82E}.Debug|ARM64.Build.0 = Debug|ARM64
		{7AD1DAC8-7FBE-49D5-8614-7321233DB82E}.Debug|ARM64.Deploy.0 = Debug|ARM64
		{7AD1DAC8-7FBE-49D5-8614-7321233DB82E}.Release|Any CPU.ActiveCfg = Release|Any CPU
		{7AD1DAC8-7FBE-49D5-8614-7321233DB82E}.Release|Any CPU.Build.0 = Release|Any CPU
		{7AD1DAC8-7FBE-49D5-8614-7321233DB82E}.Release|ARM64.ActiveCfg = Release|ARM64
		{7AD1DAC8-7FBE-49D5-8614-7321233DB82E}.Release|ARM64.Build.0 = Release|ARM64
		{7AD1DAC8-7FBE-49D5-8614-7321233DB82E}.Release|ARM64.Deploy.0 = Release|ARM64
		{919F4116-BB9D-40B2-8C62-7EE92CF6AD53}.Debug|Any CPU.ActiveCfg = Debug|Any CPU
		{919F4116-BB9D-40B2-8C62-7EE92CF6AD53}.Debug|Any CPU.Build.0 = Debug|Any CPU
		{919F4116-BB9D-40B2-8C62-7EE92CF6AD53}.Debug|ARM64.ActiveCfg = Debug|Any CPU
		{919F4116-BB9D-40B2-8C62-7EE92CF6AD53}.Debug|ARM64.Build.0 = Debug|Any CPU
		{919F4116-BB9D-40B2-8C62-7EE92CF6AD53}.Release|Any CPU.ActiveCfg = Release|Any CPU
		{919F4116-BB9D-40B2-8C62-7EE92CF6AD53}.Release|Any CPU.Build.0 = Release|Any CPU
		{919F4116-BB9D-40B2-8C62-7EE92CF6AD53}.Release|ARM64.ActiveCfg = Release|Any CPU
		{919F4116-BB9D-40B2-8C62-7EE92CF6AD53}.Release|ARM64.Build.0 = Release|Any CPU
		{B51C1801-C2F0-4E5F-A13A-4B80BA62068E}.Debug|Any CPU.ActiveCfg = Debug|Any CPU
		{B51C1801-C2F0-4E5F-A13A-4B80BA62068E}.Debug|Any CPU.Build.0 = Debug|Any CPU
		{B51C1801-C2F0-4E5F-A13A-4B80BA62068E}.Debug|ARM64.ActiveCfg = Debug|Any CPU
		{B51C1801-C2F0-4E5F-A13A-4B80BA62068E}.Debug|ARM64.Build.0 = Debug|Any CPU
		{B51C1801-C2F0-4E5F-A13A-4B80BA62068E}.Release|Any CPU.ActiveCfg = Release|Any CPU
		{B51C1801-C2F0-4E5F-A13A-4B80BA62068E}.Release|Any CPU.Build.0 = Release|Any CPU
		{B51C1801-C2F0-4E5F-A13A-4B80BA62068E}.Release|ARM64.ActiveCfg = Release|Any CPU
		{B51C1801-C2F0-4E5F-A13A-4B80BA62068E}.Release|ARM64.Build.0 = Release|Any CPU
		{B039000E-468D-4E21-AC01-55ADA073FCB8}.Debug|Any CPU.ActiveCfg = Debug|Any CPU
		{B039000E-468D-4E21-AC01-55ADA073FCB8}.Debug|Any CPU.Build.0 = Debug|Any CPU
		{B039000E-468D-4E21-AC01-55ADA073FCB8}.Debug|ARM64.ActiveCfg = Debug|Any CPU
		{B039000E-468D-4E21-AC01-55ADA073FCB8}.Debug|ARM64.Build.0 = Debug|Any CPU
		{B039000E-468D-4E21-AC01-55ADA073FCB8}.Release|Any CPU.ActiveCfg = Release|Any CPU
		{B039000E-468D-4E21-AC01-55ADA073FCB8}.Release|Any CPU.Build.0 = Release|Any CPU
		{B039000E-468D-4E21-AC01-55ADA073FCB8}.Release|ARM64.ActiveCfg = Release|Any CPU
		{B039000E-468D-4E21-AC01-55ADA073FCB8}.Release|ARM64.Build.0 = Release|Any CPU
		{952F0F45-3233-4281-9431-759959CA7FED}.Debug|Any CPU.ActiveCfg = Debug|Any CPU
		{952F0F45-3233-4281-9431-759959CA7FED}.Debug|Any CPU.Build.0 = Debug|Any CPU
		{952F0F45-3233-4281-9431-759959CA7FED}.Debug|ARM64.ActiveCfg = Debug|Any CPU
		{952F0F45-3233-4281-9431-759959CA7FED}.Debug|ARM64.Build.0 = Debug|Any CPU
		{952F0F45-3233-4281-9431-759959CA7FED}.Release|Any CPU.ActiveCfg = Release|Any CPU
		{952F0F45-3233-4281-9431-759959CA7FED}.Release|Any CPU.Build.0 = Release|Any CPU
		{952F0F45-3233-4281-9431-759959CA7FED}.Release|ARM64.ActiveCfg = Release|Any CPU
		{952F0F45-3233-4281-9431-759959CA7FED}.Release|ARM64.Build.0 = Release|Any CPU
		{08C92FAE-8D09-4831-8176-3F8CA298E5EB}.Debug|Any CPU.ActiveCfg = Debug|Any CPU
		{08C92FAE-8D09-4831-8176-3F8CA298E5EB}.Debug|Any CPU.Build.0 = Debug|Any CPU
		{08C92FAE-8D09-4831-8176-3F8CA298E5EB}.Debug|ARM64.ActiveCfg = Debug|Any CPU
		{08C92FAE-8D09-4831-8176-3F8CA298E5EB}.Debug|ARM64.Build.0 = Debug|Any CPU
		{08C92FAE-8D09-4831-8176-3F8CA298E5EB}.Release|Any CPU.ActiveCfg = Release|Any CPU
		{08C92FAE-8D09-4831-8176-3F8CA298E5EB}.Release|Any CPU.Build.0 = Release|Any CPU
		{08C92FAE-8D09-4831-8176-3F8CA298E5EB}.Release|ARM64.ActiveCfg = Release|Any CPU
		{08C92FAE-8D09-4831-8176-3F8CA298E5EB}.Release|ARM64.Build.0 = Release|Any CPU
		{3A7FC800-927E-4596-AF8A-E0D7C23F8008}.Debug|Any CPU.ActiveCfg = Debug|Any CPU
		{3A7FC800-927E-4596-AF8A-E0D7C23F8008}.Debug|Any CPU.Build.0 = Debug|Any CPU
		{3A7FC800-927E-4596-AF8A-E0D7C23F8008}.Debug|ARM64.ActiveCfg = Debug|Any CPU
		{3A7FC800-927E-4596-AF8A-E0D7C23F8008}.Debug|ARM64.Build.0 = Debug|Any CPU
		{3A7FC800-927E-4596-AF8A-E0D7C23F8008}.Release|Any CPU.ActiveCfg = Release|Any CPU
		{3A7FC800-927E-4596-AF8A-E0D7C23F8008}.Release|Any CPU.Build.0 = Release|Any CPU
		{3A7FC800-927E-4596-AF8A-E0D7C23F8008}.Release|ARM64.ActiveCfg = Release|Any CPU
		{3A7FC800-927E-4596-AF8A-E0D7C23F8008}.Release|ARM64.Build.0 = Release|Any CPU
	EndGlobalSection
	GlobalSection(SolutionProperties) = preSolution
		HideSolutionNode = FALSE
	EndGlobalSection
	GlobalSection(ExtensibilityGlobals) = postSolution
		SolutionGuid = {83CB65B8-011F-4ED7-BCD3-A6CFA935EF7E}
	EndGlobalSection
EndGlobal
